
Microsoft Visual Studio Solution File, Format Version 12.00
# Visual Studio Version 17
VisualStudioVersion = 17.3.32811.315
MinimumVisualStudioVersion = 10.0.40219.1
Project("{FAE04EC0-301F-11D3-BF4B-00C04F79EFBC}") = "CSharpAssessment", "CSharpAssessment.csproj", "{86AD9378-A954-428B-852F-776E89FA5EAE}"
EndProject
Project("{FAE04EC0-301F-11D3-BF4B-00C04F79EFBC}") = "CSharpAssessmentTests", "..\CSharpAssessmentTests\CSharpAssessmentTests.csproj", "{B0F08068-FBC3-4176-8915-41E2309C7A25}"
EndProject
Global
	GlobalSection(SolutionConfigurationPlatforms) = preSolution
		Debug|Any CPU = Debug|Any CPU
		Release|Any CPU = Release|Any CPU
	EndGlobalSection
	GlobalSection(ProjectConfigurationPlatforms) = postSolution
		{86AD9378-A954-428B-852F-776E89FA5EAE}.Debug|Any CPU.ActiveCfg = Debug|Any CPU
		{86AD9378-A954-428B-852F-776E89FA5EAE}.Debug|Any CPU.Build.0 = Debug|Any CPU
		{86AD9378-A954-428B-852F-776E89FA5EAE}.Release|Any CPU.ActiveCfg = Release|Any CPU
		{86AD9378-A954-428B-852F-776E89FA5EAE}.Release|Any CPU.Build.0 = Release|Any CPU
		{B0F08068-FBC3-4176-8915-41E2309C7A25}.Debug|Any CPU.ActiveCfg = Debug|Any CPU
		{B0F08068-FBC3-4176-8915-41E2309C7A25}.Debug|Any CPU.Build.0 = Debug|Any CPU
		{B0F08068-FBC3-4176-8915-41E2309C7A25}.Release|Any CPU.ActiveCfg = Release|Any CPU
		{B0F08068-FBC3-4176-8915-41E2309C7A25}.Release|Any CPU.Build.0 = Release|Any CPU
	EndGlobalSection
	GlobalSection(SolutionProperties) = preSolution
		HideSolutionNode = FALSE
	EndGlobalSection
	GlobalSection(ExtensibilityGlobals) = postSolution
		SolutionGuid = {9BABD6EE-4593-4B50-B675-90ECA28786FA}
	EndGlobalSection
EndGlobal
